
Microsoft Visual Studio Solution File, Format Version 12.00
# Visual Studio 15
VisualStudioVersion = 15.0.28307.960
MinimumVisualStudioVersion = 10.0.40219.1
Project("{FAE04EC0-301F-11D3-BF4B-00C04F79EFBC}") = "CrossplatformApp.Android", "CrossplatformApp\CrossplatformApp.Android\CrossplatformApp.Android.csproj", "{7E983FC7-9D2A-417A-B296-F6359FEA5394}"
EndProject
Project("{FAE04EC0-301F-11D3-BF4B-00C04F79EFBC}") = "CrossplatformApp.iOS", "CrossplatformApp\CrossplatformApp.iOS\CrossplatformApp.iOS.csproj", "{A7AE5F74-04E6-41F5-8CA9-8905D7892F1F}"
EndProject
Project("{FAE04EC0-301F-11D3-BF4B-00C04F79EFBC}") = "CrossplatformApp.UWP", "CrossplatformApp\CrossplatformApp.UWP\CrossplatformApp.UWP.csproj", "{83A1B789-F501-43AD-8DDE-8243F35D0CD4}"
EndProject
Project("{FAE04EC0-301F-11D3-BF4B-00C04F79EFBC}") = "CrossplatformApp", "CrossplatformApp\CrossplatformApp\CrossplatformApp.csproj", "{FD91D7C4-7736-49EC-AE33-7E44D2C51B01}"
EndProject
Global
	GlobalSection(SolutionConfigurationPlatforms) = preSolution
		Ad-Hoc|Any CPU = Ad-Hoc|Any CPU
		Ad-Hoc|ARM = Ad-Hoc|ARM
		Ad-Hoc|iPhone = Ad-Hoc|iPhone
		Ad-Hoc|iPhoneSimulator = Ad-Hoc|iPhoneSimulator
		Ad-Hoc|x64 = Ad-Hoc|x64
		Ad-Hoc|x86 = Ad-Hoc|x86
		AppStore|Any CPU = AppStore|Any CPU
		AppStore|ARM = AppStore|ARM
		AppStore|iPhone = AppStore|iPhone
		AppStore|iPhoneSimulator = AppStore|iPhoneSimulator
		AppStore|x64 = AppStore|x64
		AppStore|x86 = AppStore|x86
		Debug|Any CPU = Debug|Any CPU
		Debug|ARM = Debug|ARM
		Debug|iPhone = Debug|iPhone
		Debug|iPhoneSimulator = Debug|iPhoneSimulator
		Debug|x64 = Debug|x64
		Debug|x86 = Debug|x86
		Release|Any CPU = Release|Any CPU
		Release|ARM = Release|ARM
		Release|iPhone = Release|iPhone
		Release|iPhoneSimulator = Release|iPhoneSimulator
		Release|x64 = Release|x64
		Release|x86 = Release|x86
	EndGlobalSection
	GlobalSection(ProjectConfigurationPlatforms) = postSolution
		{7E983FC7-9D2A-417A-B296-F6359FEA5394}.Ad-Hoc|Any CPU.ActiveCfg = Release|Any CPU
		{7E983FC7-9D2A-417A-B296-F6359FEA5394}.Ad-Hoc|Any CPU.Build.0 = Release|Any CPU
		{7E983FC7-9D2A-417A-B296-F6359FEA5394}.Ad-Hoc|Any CPU.Deploy.0 = Release|Any CPU
		{7E983FC7-9D2A-417A-B296-F6359FEA5394}.Ad-Hoc|ARM.ActiveCfg = Release|Any CPU
		{7E983FC7-9D2A-417A-B296-F6359FEA5394}.Ad-Hoc|ARM.Build.0 = Release|Any CPU
		{7E983FC7-9D2A-417A-B296-F6359FEA5394}.Ad-Hoc|ARM.Deploy.0 = Release|Any CPU
		{7E983FC7-9D2A-417A-B296-F6359FEA5394}.Ad-Hoc|iPhone.ActiveCfg = Release|Any CPU
		{7E983FC7-9D2A-417A-B296-F6359FEA5394}.Ad-Hoc|iPhone.Build.0 = Release|Any CPU
		{7E983FC7-9D2A-417A-B296-F6359FEA5394}.Ad-Hoc|iPhone.Deploy.0 = Release|Any CPU
		{7E983FC7-9D2A-417A-B296-F6359FEA5394}.Ad-Hoc|iPhoneSimulator.ActiveCfg = Release|Any CPU
		{7E983FC7-9D2A-417A-B296-F6359FEA5394}.Ad-Hoc|iPhoneSimulator.Build.0 = Release|Any CPU
		{7E983FC7-9D2A-417A-B296-F6359FEA5394}.Ad-Hoc|iPhoneSimulator.Deploy.0 = Release|Any CPU
		{7E983FC7-9D2A-417A-B296-F6359FEA5394}.Ad-Hoc|x64.ActiveCfg = Release|Any CPU
		{7E983FC7-9D2A-417A-B296-F6359FEA5394}.Ad-Hoc|x64.Build.0 = Release|Any CPU
		{7E983FC7-9D2A-417A-B296-F6359FEA5394}.Ad-Hoc|x64.Deploy.0 = Release|Any CPU
		{7E983FC7-9D2A-417A-B296-F6359FEA5394}.Ad-Hoc|x86.ActiveCfg = Release|Any CPU
		{7E983FC7-9D2A-417A-B296-F6359FEA5394}.Ad-Hoc|x86.Build.0 = Release|Any CPU
		{7E983FC7-9D2A-417A-B296-F6359FEA5394}.Ad-Hoc|x86.Deploy.0 = Release|Any CPU
		{7E983FC7-9D2A-417A-B296-F6359FEA5394}.AppStore|Any CPU.ActiveCfg = Release|Any CPU
		{7E983FC7-9D2A-417A-B296-F6359FEA5394}.AppStore|Any CPU.Build.0 = Release|Any CPU
		{7E983FC7-9D2A-417A-B296-F6359FEA5394}.AppStore|Any CPU.Deploy.0 = Release|Any CPU
		{7E983FC7-9D2A-417A-B296-F6359FEA5394}.AppStore|ARM.ActiveCfg = Release|Any CPU
		{7E983FC7-9D2A-417A-B296-F6359FEA5394}.AppStore|ARM.Build.0 = Release|Any CPU
		{7E983FC7-9D2A-417A-B296-F6359FEA5394}.AppStore|ARM.Deploy.0 = Release|Any CPU
		{7E983FC7-9D2A-417A-B296-F6359FEA5394}.AppStore|iPhone.ActiveCfg = Release|Any CPU
		{7E983FC7-9D2A-417A-B296-F6359FEA5394}.AppStore|iPhone.Build.0 = Release|Any CPU
		{7E983FC7-9D2A-417A-B296-F6359FEA5394}.AppStore|iPhone.Deploy.0 = Release|Any CPU
		{7E983FC7-9D2A-417A-B296-F6359FEA5394}.AppStore|iPhoneSimulator.ActiveCfg = Release|Any CPU
		{7E983FC7-9D2A-417A-B296-F6359FEA5394}.AppStore|iPhoneSimulator.Build.0 = Release|Any CPU
		{7E983FC7-9D2A-417A-B296-F6359FEA5394}.AppStore|iPhoneSimulator.Deploy.0 = Release|Any CPU
		{7E983FC7-9D2A-417A-B296-F6359FEA5394}.AppStore|x64.ActiveCfg = Release|Any CPU
		{7E983FC7-9D2A-417A-B296-F6359FEA5394}.AppStore|x64.Build.0 = Release|Any CPU
		{7E983FC7-9D2A-417A-B296-F6359FEA5394}.AppStore|x64.Deploy.0 = Release|Any CPU
		{7E983FC7-9D2A-417A-B296-F6359FEA5394}.AppStore|x86.ActiveCfg = Release|Any CPU
		{7E983FC7-9D2A-417A-B296-F6359FEA5394}.AppStore|x86.Build.0 = Release|Any CPU
		{7E983FC7-9D2A-417A-B296-F6359FEA5394}.AppStore|x86.Deploy.0 = Release|Any CPU
		{7E983FC7-9D2A-417A-B296-F6359FEA5394}.Debug|Any CPU.ActiveCfg = Debug|Any CPU
		{7E983FC7-9D2A-417A-B296-F6359FEA5394}.Debug|Any CPU.Build.0 = Debug|Any CPU
		{7E983FC7-9D2A-417A-B296-F6359FEA5394}.Debug|Any CPU.Deploy.0 = Debug|Any CPU
		{7E983FC7-9D2A-417A-B296-F6359FEA5394}.Debug|ARM.ActiveCfg = Debug|Any CPU
		{7E983FC7-9D2A-417A-B296-F6359FEA5394}.Debug|ARM.Build.0 = Debug|Any CPU
		{7E983FC7-9D2A-417A-B296-F6359FEA5394}.Debug|ARM.Deploy.0 = Debug|Any CPU
		{7E983FC7-9D2A-417A-B296-F6359FEA5394}.Debug|iPhone.ActiveCfg = Debug|Any CPU
		{7E983FC7-9D2A-417A-B296-F6359FEA5394}.Debug|iPhone.Build.0 = Debug|Any CPU
		{7E983FC7-9D2A-417A-B296-F6359FEA5394}.Debug|iPhone.Deploy.0 = Debug|Any CPU
		{7E983FC7-9D2A-417A-B296-F6359FEA5394}.Debug|iPhoneSimulator.ActiveCfg = Debug|Any CPU
		{7E983FC7-9D2A-417A-B296-F6359FEA5394}.Debug|iPhoneSimulator.Build.0 = Debug|Any CPU
		{7E983FC7-9D2A-417A-B296-F6359FEA5394}.Debug|iPhoneSimulator.Deploy.0 = Debug|Any CPU
		{7E983FC7-9D2A-417A-B296-F6359FEA5394}.Debug|x64.ActiveCfg = Debug|Any CPU
		{7E983FC7-9D2A-417A-B296-F6359FEA5394}.Debug|x64.Build.0 = Debug|Any CPU
		{7E983FC7-9D2A-417A-B296-F6359FEA5394}.Debug|x64.Deploy.0 = Debug|Any CPU
		{7E983FC7-9D2A-417A-B296-F6359FEA5394}.Debug|x86.ActiveCfg = Debug|Any CPU
		{7E983FC7-9D2A-417A-B296-F6359FEA5394}.Debug|x86.Build.0 = Debug|Any CPU
		{7E983FC7-9D2A-417A-B296-F6359FEA5394}.Debug|x86.Deploy.0 = Debug|Any CPU
		{7E983FC7-9D2A-417A-B296-F6359FEA5394}.Release|Any CPU.ActiveCfg = Release|Any CPU
		{7E983FC7-9D2A-417A-B296-F6359FEA5394}.Release|Any CPU.Build.0 = Release|Any CPU
		{7E983FC7-9D2A-417A-B296-F6359FEA5394}.Release|Any CPU.Deploy.0 = Release|Any CPU
		{7E983FC7-9D2A-417A-B296-F6359FEA5394}.Release|ARM.ActiveCfg = Release|Any CPU
		{7E983FC7-9D2A-417A-B296-F6359FEA5394}.Release|ARM.Build.0 = Release|Any CPU
		{7E983FC7-9D2A-417A-B296-F6359FEA5394}.Release|ARM.Deploy.0 = Release|Any CPU
		{7E983FC7-9D2A-417A-B296-F6359FEA5394}.Release|iPhone.ActiveCfg = Release|Any CPU
		{7E983FC7-9D2A-417A-B296-F6359FEA5394}.Release|iPhone.Build.0 = Release|Any CPU
		{7E983FC7-9D2A-417A-B296-F6359FEA5394}.Release|iPhone.Deploy.0 = Release|Any CPU
		{7E983FC7-9D2A-417A-B296-F6359FEA5394}.Release|iPhoneSimulator.ActiveCfg = Release|Any CPU
		{7E983FC7-9D2A-417A-B296-F6359FEA5394}.Release|iPhoneSimulator.Build.0 = Release|Any CPU
		{7E983FC7-9D2A-417A-B296-F6359FEA5394}.Release|iPhoneSimulator.Deploy.0 = Release|Any CPU
		{7E983FC7-9D2A-417A-B296-F6359FEA5394}.Release|x64.ActiveCfg = Release|Any CPU
		{7E983FC7-9D2A-417A-B296-F6359FEA5394}.Release|x64.Build.0 = Release|Any CPU
		{7E983FC7-9D2A-417A-B296-F6359FEA5394}.Release|x64.Deploy.0 = Release|Any CPU
		{7E983FC7-9D2A-417A-B296-F6359FEA5394}.Release|x86.ActiveCfg = Release|Any CPU
		{7E983FC7-9D2A-417A-B296-F6359FEA5394}.Release|x86.Build.0 = Release|Any CPU
		{7E983FC7-9D2A-417A-B296-F6359FEA5394}.Release|x86.Deploy.0 = Release|Any CPU
		{A7AE5F74-04E6-41F5-8CA9-8905D7892F1F}.Ad-Hoc|Any CPU.ActiveCfg = Ad-Hoc|iPhone
		{A7AE5F74-04E6-41F5-8CA9-8905D7892F1F}.Ad-Hoc|Any CPU.Build.0 = Ad-Hoc|iPhone
		{A7AE5F74-04E6-41F5-8CA9-8905D7892F1F}.Ad-Hoc|Any CPU.Deploy.0 = Ad-Hoc|iPhone
		{A7AE5F74-04E6-41F5-8CA9-8905D7892F1F}.Ad-Hoc|ARM.ActiveCfg = Ad-Hoc|iPhone
		{A7AE5F74-04E6-41F5-8CA9-8905D7892F1F}.Ad-Hoc|ARM.Build.0 = Ad-Hoc|iPhone
		{A7AE5F74-04E6-41F5-8CA9-8905D7892F1F}.Ad-Hoc|ARM.Deploy.0 = Ad-Hoc|iPhone
		{A7AE5F74-04E6-41F5-8CA9-8905D7892F1F}.Ad-Hoc|iPhone.ActiveCfg = Ad-Hoc|iPhone
		{A7AE5F74-04E6-41F5-8CA9-8905D7892F1F}.Ad-Hoc|iPhone.Build.0 = Ad-Hoc|iPhone
		{A7AE5F74-04E6-41F5-8CA9-8905D7892F1F}.Ad-Hoc|iPhone.Deploy.0 = Ad-Hoc|iPhone
		{A7AE5F74-04E6-41F5-8CA9-8905D7892F1F}.Ad-Hoc|iPhoneSimulator.ActiveCfg = Ad-Hoc|iPhoneSimulator
		{A7AE5F74-04E6-41F5-8CA9-8905D7892F1F}.Ad-Hoc|iPhoneSimulator.Build.0 = Ad-Hoc|iPhoneSimulator
		{A7AE5F74-04E6-41F5-8CA9-8905D7892F1F}.Ad-Hoc|iPhoneSimulator.Deploy.0 = Ad-Hoc|iPhoneSimulator
		{A7AE5F74-04E6-41F5-8CA9-8905D7892F1F}.Ad-Hoc|x64.ActiveCfg = Ad-Hoc|iPhone
		{A7AE5F74-04E6-41F5-8CA9-8905D7892F1F}.Ad-Hoc|x64.Build.0 = Ad-Hoc|iPhone
		{A7AE5F74-04E6-41F5-8CA9-8905D7892F1F}.Ad-Hoc|x64.Deploy.0 = Ad-Hoc|iPhone
		{A7AE5F74-04E6-41F5-8CA9-8905D7892F1F}.Ad-Hoc|x86.ActiveCfg = Ad-Hoc|iPhone
		{A7AE5F74-04E6-41F5-8CA9-8905D7892F1F}.Ad-Hoc|x86.Build.0 = Ad-Hoc|iPhone
		{A7AE5F74-04E6-41F5-8CA9-8905D7892F1F}.Ad-Hoc|x86.Deploy.0 = Ad-Hoc|iPhone
		{A7AE5F74-04E6-41F5-8CA9-8905D7892F1F}.AppStore|Any CPU.ActiveCfg = AppStore|iPhone
		{A7AE5F74-04E6-41F5-8CA9-8905D7892F1F}.AppStore|Any CPU.Build.0 = AppStore|iPhone
		{A7AE5F74-04E6-41F5-8CA9-8905D7892F1F}.AppStore|Any CPU.Deploy.0 = AppStore|iPhone
		{A7AE5F74-04E6-41F5-8CA9-8905D7892F1F}.AppStore|ARM.ActiveCfg = AppStore|iPhone
		{A7AE5F74-04E6-41F5-8CA9-8905D7892F1F}.AppStore|ARM.Build.0 = AppStore|iPhone
		{A7AE5F74-04E6-41F5-8CA9-8905D7892F1F}.AppStore|ARM.Deploy.0 = AppStore|iPhone
		{A7AE5F74-04E6-41F5-8CA9-8905D7892F1F}.AppStore|iPhone.ActiveCfg = AppStore|iPhone
		{A7AE5F74-04E6-41F5-8CA9-8905D7892F1F}.AppStore|iPhone.Build.0 = AppStore|iPhone
		{A7AE5F74-04E6-41F5-8CA9-8905D7892F1F}.AppStore|iPhone.Deploy.0 = AppStore|iPhone
		{A7AE5F74-04E6-41F5-8CA9-8905D7892F1F}.AppStore|iPhoneSimulator.ActiveCfg = AppStore|iPhoneSimulator
		{A7AE5F74-04E6-41F5-8CA9-8905D7892F1F}.AppStore|iPhoneSimulator.Build.0 = AppStore|iPhoneSimulator
		{A7AE5F74-04E6-41F5-8CA9-8905D7892F1F}.AppStore|iPhoneSimulator.Deploy.0 = AppStore|iPhoneSimulator
		{A7AE5F74-04E6-41F5-8CA9-8905D7892F1F}.AppStore|x64.ActiveCfg = AppStore|iPhone
		{A7AE5F74-04E6-41F5-8CA9-8905D7892F1F}.AppStore|x64.Build.0 = AppStore|iPhone
		{A7AE5F74-04E6-41F5-8CA9-8905D7892F1F}.AppStore|x64.Deploy.0 = AppStore|iPhone
		{A7AE5F74-04E6-41F5-8CA9-8905D7892F1F}.AppStore|x86.ActiveCfg = AppStore|iPhone
		{A7AE5F74-04E6-41F5-8CA9-8905D7892F1F}.AppStore|x86.Build.0 = AppStore|iPhone
		{A7AE5F74-04E6-41F5-8CA9-8905D7892F1F}.AppStore|x86.Deploy.0 = AppStore|iPhone
		{A7AE5F74-04E6-41F5-8CA9-8905D7892F1F}.Debug|Any CPU.ActiveCfg = Debug|iPhoneSimulator
		{A7AE5F74-04E6-41F5-8CA9-8905D7892F1F}.Debug|Any CPU.Build.0 = Debug|iPhoneSimulator
		{A7AE5F74-04E6-41F5-8CA9-8905D7892F1F}.Debug|Any CPU.Deploy.0 = Debug|iPhoneSimulator
		{A7AE5F74-04E6-41F5-8CA9-8905D7892F1F}.Debug|ARM.ActiveCfg = Debug|iPhone
		{A7AE5F74-04E6-41F5-8CA9-8905D7892F1F}.Debug|ARM.Build.0 = Debug|iPhone
		{A7AE5F74-04E6-41F5-8CA9-8905D7892F1F}.Debug|ARM.Deploy.0 = Debug|iPhone
		{A7AE5F74-04E6-41F5-8CA9-8905D7892F1F}.Debug|iPhone.ActiveCfg = Debug|iPhone
		{A7AE5F74-04E6-41F5-8CA9-8905D7892F1F}.Debug|iPhone.Build.0 = Debug|iPhone
		{A7AE5F74-04E6-41F5-8CA9-8905D7892F1F}.Debug|iPhone.Deploy.0 = Debug|iPhone
		{A7AE5F74-04E6-41F5-8CA9-8905D7892F1F}.Debug|iPhoneSimulator.ActiveCfg = Debug|iPhoneSimulator
		{A7AE5F74-04E6-41F5-8CA9-8905D7892F1F}.Debug|iPhoneSimulator.Build.0 = Debug|iPhoneSimulator
		{A7AE5F74-04E6-41F5-8CA9-8905D7892F1F}.Debug|iPhoneSimulator.Deploy.0 = Debug|iPhoneSimulator
		{A7AE5F74-04E6-41F5-8CA9-8905D7892F1F}.Debug|x64.ActiveCfg = Debug|iPhone
		{A7AE5F74-04E6-41F5-8CA9-8905D7892F1F}.Debug|x64.Build.0 = Debug|iPhone
		{A7AE5F74-04E6-41F5-8CA9-8905D7892F1F}.Debug|x64.Deploy.0 = Debug|iPhone
		{A7AE5F74-04E6-41F5-8CA9-8905D7892F1F}.Debug|x86.ActiveCfg = Debug|iPhone
		{A7AE5F74-04E6-41F5-8CA9-8905D7892F1F}.Debug|x86.Build.0 = Debug|iPhone
		{A7AE5F74-04E6-41F5-8CA9-8905D7892F1F}.Debug|x86.Deploy.0 = Debug|iPhone
		{A7AE5F74-04E6-41F5-8CA9-8905D7892F1F}.Release|Any CPU.ActiveCfg = Release|iPhone
		{A7AE5F74-04E6-41F5-8CA9-8905D7892F1F}.Release|Any CPU.Build.0 = Release|iPhone
		{A7AE5F74-04E6-41F5-8CA9-8905D7892F1F}.Release|Any CPU.Deploy.0 = Release|iPhone
		{A7AE5F74-04E6-41F5-8CA9-8905D7892F1F}.Release|ARM.ActiveCfg = Release|iPhone
		{A7AE5F74-04E6-41F5-8CA9-8905D7892F1F}.Release|ARM.Build.0 = Release|iPhone
		{A7AE5F74-04E6-41F5-8CA9-8905D7892F1F}.Release|ARM.Deploy.0 = Release|iPhone
		{A7AE5F74-04E6-41F5-8CA9-8905D7892F1F}.Release|iPhone.ActiveCfg = Release|iPhone
		{A7AE5F74-04E6-41F5-8CA9-8905D7892F1F}.Release|iPhone.Build.0 = Release|iPhone
		{A7AE5F74-04E6-41F5-8CA9-8905D7892F1F}.Release|iPhone.Deploy.0 = Release|iPhone
		{A7AE5F74-04E6-41F5-8CA9-8905D7892F1F}.Release|iPhoneSimulator.ActiveCfg = Release|iPhoneSimulator
		{A7AE5F74-04E6-41F5-8CA9-8905D7892F1F}.Release|iPhoneSimulator.Build.0 = Release|iPhoneSimulator
		{A7AE5F74-04E6-41F5-8CA9-8905D7892F1F}.Release|iPhoneSimulator.Deploy.0 = Release|iPhoneSimulator
		{A7AE5F74-04E6-41F5-8CA9-8905D7892F1F}.Release|x64.ActiveCfg = Release|iPhone
		{A7AE5F74-04E6-41F5-8CA9-8905D7892F1F}.Release|x64.Build.0 = Release|iPhone
		{A7AE5F74-04E6-41F5-8CA9-8905D7892F1F}.Release|x64.Deploy.0 = Release|iPhone
		{A7AE5F74-04E6-41F5-8CA9-8905D7892F1F}.Release|x86.ActiveCfg = Release|iPhone
		{A7AE5F74-04E6-41F5-8CA9-8905D7892F1F}.Release|x86.Build.0 = Release|iPhone
		{A7AE5F74-04E6-41F5-8CA9-8905D7892F1F}.Release|x86.Deploy.0 = Release|iPhone
		{83A1B789-F501-43AD-8DDE-8243F35D0CD4}.Ad-Hoc|Any CPU.ActiveCfg = Release|x86
		{83A1B789-F501-43AD-8DDE-8243F35D0CD4}.Ad-Hoc|Any CPU.Build.0 = Release|x86
		{83A1B789-F501-43AD-8DDE-8243F35D0CD4}.Ad-Hoc|Any CPU.Deploy.0 = Release|x86
		{83A1B789-F501-43AD-8DDE-8243F35D0CD4}.Ad-Hoc|ARM.ActiveCfg = Release|ARM
		{83A1B789-F501-43AD-8DDE-8243F35D0CD4}.Ad-Hoc|ARM.Build.0 = Release|ARM
		{83A1B789-F501-43AD-8DDE-8243F35D0CD4}.Ad-Hoc|ARM.Deploy.0 = Release|ARM
		{83A1B789-F501-43AD-8DDE-8243F35D0CD4}.Ad-Hoc|iPhone.ActiveCfg = Release|x86
		{83A1B789-F501-43AD-8DDE-8243F35D0CD4}.Ad-Hoc|iPhone.Build.0 = Release|x86
		{83A1B789-F501-43AD-8DDE-8243F35D0CD4}.Ad-Hoc|iPhone.Deploy.0 = Release|x86
		{83A1B789-F501-43AD-8DDE-8243F35D0CD4}.Ad-Hoc|iPhoneSimulator.ActiveCfg = Release|x86
		{83A1B789-F501-43AD-8DDE-8243F35D0CD4}.Ad-Hoc|iPhoneSimulator.Build.0 = Release|x86
		{83A1B789-F501-43AD-8DDE-8243F35D0CD4}.Ad-Hoc|iPhoneSimulator.Deploy.0 = Release|x86
		{83A1B789-F501-43AD-8DDE-8243F35D0CD4}.Ad-Hoc|x64.ActiveCfg = Release|x64
		{83A1B789-F501-43AD-8DDE-8243F35D0CD4}.Ad-Hoc|x64.Build.0 = Release|x64
		{83A1B789-F501-43AD-8DDE-8243F35D0CD4}.Ad-Hoc|x64.Deploy.0 = Release|x64
		{83A1B789-F501-43AD-8DDE-8243F35D0CD4}.Ad-Hoc|x86.ActiveCfg = Release|x86
		{83A1B789-F501-43AD-8DDE-8243F35D0CD4}.Ad-Hoc|x86.Build.0 = Release|x86
		{83A1B789-F501-43AD-8DDE-8243F35D0CD4}.Ad-Hoc|x86.Deploy.0 = Release|x86
		{83A1B789-F501-43AD-8DDE-8243F35D0CD4}.AppStore|Any CPU.ActiveCfg = Release|x86
		{83A1B789-F501-43AD-8DDE-8243F35D0CD4}.AppStore|Any CPU.Build.0 = Release|x86
		{83A1B789-F501-43AD-8DDE-8243F35D0CD4}.AppStore|Any CPU.Deploy.0 = Release|x86
		{83A1B789-F501-43AD-8DDE-8243F35D0CD4}.AppStore|ARM.ActiveCfg = Release|ARM
		{83A1B789-F501-43AD-8DDE-8243F35D0CD4}.AppStore|ARM.Build.0 = Release|ARM
		{83A1B789-F501-43AD-8DDE-8243F35D0CD4}.AppStore|ARM.Deploy.0 = Release|ARM
		{83A1B789-F501-43AD-8DDE-8243F35D0CD4}.AppStore|iPhone.ActiveCfg = Release|x86
		{83A1B789-F501-43AD-8DDE-8243F35D0CD4}.AppStore|iPhone.Build.0 = Release|x86
		{83A1B789-F501-43AD-8DDE-8243F35D0CD4}.AppStore|iPhone.Deploy.0 = Release|x86
		{83A1B789-F501-43AD-8DDE-8243F35D0CD4}.AppStore|iPhoneSimulator.ActiveCfg = Release|x86
		{83A1B789-F501-43AD-8DDE-8243F35D0CD4}.AppStore|iPhoneSimulator.Build.0 = Release|x86
		{83A1B789-F501-43AD-8DDE-8243F35D0CD4}.AppStore|iPhoneSimulator.Deploy.0 = Release|x86
		{83A1B789-F501-43AD-8DDE-8243F35D0CD4}.AppStore|x64.ActiveCfg = Release|x64
		{83A1B789-F501-43AD-8DDE-8243F35D0CD4}.AppStore|x64.Build.0 = Release|x64
		{83A1B789-F501-43AD-8DDE-8243F35D0CD4}.AppStore|x64.Deploy.0 = Release|x64
		{83A1B789-F501-43AD-8DDE-8243F35D0CD4}.AppStore|x86.ActiveCfg = Release|x86
		{83A1B789-F501-43AD-8DDE-8243F35D0CD4}.AppStore|x86.Build.0 = Release|x86
		{83A1B789-F501-43AD-8DDE-8243F35D0CD4}.AppStore|x86.Deploy.0 = Release|x86
		{83A1B789-F501-43AD-8DDE-8243F35D0CD4}.Debug|Any CPU.ActiveCfg = Debug|x86
		{83A1B789-F501-43AD-8DDE-8243F35D0CD4}.Debug|Any CPU.Build.0 = Debug|x86
		{83A1B789-F501-43AD-8DDE-8243F35D0CD4}.Debug|Any CPU.Deploy.0 = Debug|x86
		{83A1B789-F501-43AD-8DDE-8243F35D0CD4}.Debug|ARM.ActiveCfg = Debug|ARM
		{83A1B789-F501-43AD-8DDE-8243F35D0CD4}.Debug|ARM.Build.0 = Debug|ARM
		{83A1B789-F501-43AD-8DDE-8243F35D0CD4}.Debug|ARM.Deploy.0 = Debug|ARM
		{83A1B789-F501-43AD-8DDE-8243F35D0CD4}.Debug|iPhone.ActiveCfg = Debug|x86
		{83A1B789-F501-43AD-8DDE-8243F35D0CD4}.Debug|iPhone.Build.0 = Debug|x86
		{83A1B789-F501-43AD-8DDE-8243F35D0CD4}.Debug|iPhone.Deploy.0 = Debug|x86
		{83A1B789-F501-43AD-8DDE-8243F35D0CD4}.Debug|iPhoneSimulator.ActiveCfg = Debug|x86
		{83A1B789-F501-43AD-8DDE-8243F35D0CD4}.Debug|iPhoneSimulator.Build.0 = Debug|x86
		{83A1B789-F501-43AD-8DDE-8243F35D0CD4}.Debug|iPhoneSimulator.Deploy.0 = Debug|x86
		{83A1B789-F501-43AD-8DDE-8243F35D0CD4}.Debug|x64.ActiveCfg = Debug|x64
		{83A1B789-F501-43AD-8DDE-8243F35D0CD4}.Debug|x64.Build.0 = Debug|x64
		{83A1B789-F501-43AD-8DDE-8243F35D0CD4}.Debug|x64.Deploy.0 = Debug|x64
		{83A1B789-F501-43AD-8DDE-8243F35D0CD4}.Debug|x86.ActiveCfg = Debug|x86
		{83A1B789-F501-43AD-8DDE-8243F35D0CD4}.Debug|x86.Build.0 = Debug|x86
		{83A1B789-F501-43AD-8DDE-8243F35D0CD4}.Debug|x86.Deploy.0 = Debug|x86
		{83A1B789-F501-43AD-8DDE-8243F35D0CD4}.Release|Any CPU.ActiveCfg = Release|x86
		{83A1B789-F501-43AD-8DDE-8243F35D0CD4}.Release|Any CPU.Build.0 = Release|x86
		{83A1B789-F501-43AD-8DDE-8243F35D0CD4}.Release|Any CPU.Deploy.0 = Release|x86
		{83A1B789-F501-43AD-8DDE-8243F35D0CD4}.Release|ARM.ActiveCfg = Release|ARM
		{83A1B789-F501-43AD-8DDE-8243F35D0CD4}.Release|ARM.Build.0 = Release|ARM
		{83A1B789-F501-43AD-8DDE-8243F35D0CD4}.Release|ARM.Deploy.0 = Release|ARM
		{83A1B789-F501-43AD-8DDE-8243F35D0CD4}.Release|iPhone.ActiveCfg = Release|x86
		{83A1B789-F501-43AD-8DDE-8243F35D0CD4}.Release|iPhone.Build.0 = Release|x86
		{83A1B789-F501-43AD-8DDE-8243F35D0CD4}.Release|iPhone.Deploy.0 = Release|x86
		{83A1B789-F501-43AD-8DDE-8243F35D0CD4}.Release|iPhoneSimulator.ActiveCfg = Release|x86
		{83A1B789-F501-43AD-8DDE-8243F35D0CD4}.Release|iPhoneSimulator.Build.0 = Release|x86
		{83A1B789-F501-43AD-8DDE-8243F35D0CD4}.Release|iPhoneSimulator.Deploy.0 = Release|x86
		{83A1B789-F501-43AD-8DDE-8243F35D0CD4}.Release|x64.ActiveCfg = Release|x64
		{83A1B789-F501-43AD-8DDE-8243F35D0CD4}.Release|x64.Build.0 = Release|x64
		{83A1B789-F501-43AD-8DDE-8243F35D0CD4}.Release|x64.Deploy.0 = Release|x64
		{83A1B789-F501-43AD-8DDE-8243F35D0CD4}.Release|x86.ActiveCfg = Release|x86
		{83A1B789-F501-43AD-8DDE-8243F35D0CD4}.Release|x86.Build.0 = Release|x86
		{83A1B789-F501-43AD-8DDE-8243F35D0CD4}.Release|x86.Deploy.0 = Release|x86
		{FD91D7C4-7736-49EC-AE33-7E44D2C51B01}.Ad-Hoc|Any CPU.ActiveCfg = Debug|Any CPU
		{FD91D7C4-7736-49EC-AE33-7E44D2C51B01}.Ad-Hoc|Any CPU.Build.0 = Debug|Any CPU
		{FD91D7C4-7736-49EC-AE33-7E44D2C51B01}.Ad-Hoc|Any CPU.Deploy.0 = Debug|Any CPU
		{FD91D7C4-7736-49EC-AE33-7E44D2C51B01}.Ad-Hoc|ARM.ActiveCfg = Debug|Any CPU
		{FD91D7C4-7736-49EC-AE33-7E44D2C51B01}.Ad-Hoc|ARM.Build.0 = Debug|Any CPU
		{FD91D7C4-7736-49EC-AE33-7E44D2C51B01}.Ad-Hoc|ARM.Deploy.0 = Debug|Any CPU
		{FD91D7C4-7736-49EC-AE33-7E44D2C51B01}.Ad-Hoc|iPhone.ActiveCfg = Debug|Any CPU
		{FD91D7C4-7736-49EC-AE33-7E44D2C51B01}.Ad-Hoc|iPhone.Build.0 = Debug|Any CPU
		{FD91D7C4-7736-49EC-AE33-7E44D2C51B01}.Ad-Hoc|iPhone.Deploy.0 = Debug|Any CPU
		{FD91D7C4-7736-49EC-AE33-7E44D2C51B01}.Ad-Hoc|iPhoneSimulator.ActiveCfg = Debug|Any CPU
		{FD91D7C4-7736-49EC-AE33-7E44D2C51B01}.Ad-Hoc|iPhoneSimulator.Build.0 = Debug|Any CPU
		{FD91D7C4-7736-49EC-AE33-7E44D2C51B01}.Ad-Hoc|iPhoneSimulator.Deploy.0 = Debug|Any CPU
		{FD91D7C4-7736-49EC-AE33-7E44D2C51B01}.Ad-Hoc|x64.ActiveCfg = Debug|Any CPU
		{FD91D7C4-7736-49EC-AE33-7E44D2C51B01}.Ad-Hoc|x64.Build.0 = Debug|Any CPU
		{FD91D7C4-7736-49EC-AE33-7E44D2C51B01}.Ad-Hoc|x64.Deploy.0 = Debug|Any CPU
		{FD91D7C4-7736-49EC-AE33-7E44D2C51B01}.Ad-Hoc|x86.ActiveCfg = Debug|Any CPU
		{FD91D7C4-7736-49EC-AE33-7E44D2C51B01}.Ad-Hoc|x86.Build.0 = Debug|Any CPU
		{FD91D7C4-7736-49EC-AE33-7E44D2C51B01}.Ad-Hoc|x86.Deploy.0 = Debug|Any CPU
		{FD91D7C4-7736-49EC-AE33-7E44D2C51B01}.AppStore|Any CPU.ActiveCfg = Debug|Any CPU
		{FD91D7C4-7736-49EC-AE33-7E44D2C51B01}.AppStore|Any CPU.Build.0 = Debug|Any CPU
		{FD91D7C4-7736-49EC-AE33-7E44D2C51B01}.AppStore|Any CPU.Deploy.0 = Debug|Any CPU
		{FD91D7C4-7736-49EC-AE33-7E44D2C51B01}.AppStore|ARM.ActiveCfg = Debug|Any CPU
		{FD91D7C4-7736-49EC-AE33-7E44D2C51B01}.AppStore|ARM.Build.0 = Debug|Any CPU
		{FD91D7C4-7736-49EC-AE33-7E44D2C51B01}.AppStore|ARM.Deploy.0 = Debug|Any CPU
		{FD91D7C4-7736-49EC-AE33-7E44D2C51B01}.AppStore|iPhone.ActiveCfg = Debug|Any CPU
		{FD91D7C4-7736-49EC-AE33-7E44D2C51B01}.AppStore|iPhone.Build.0 = Debug|Any CPU
		{FD91D7C4-7736-49EC-AE33-7E44D2C51B01}.AppStore|iPhone.Deploy.0 = Debug|Any CPU
		{FD91D7C4-7736-49EC-AE33-7E44D2C51B01}.AppStore|iPhoneSimulator.ActiveCfg = Debug|Any CPU
		{FD91D7C4-7736-49EC-AE33-7E44D2C51B01}.AppStore|iPhoneSimulator.Build.0 = Debug|Any CPU
		{FD91D7C4-7736-49EC-AE33-7E44D2C51B01}.AppStore|iPhoneSimulator.Deploy.0 = Debug|Any CPU
		{FD91D7C4-7736-49EC-AE33-7E44D2C51B01}.AppStore|x64.ActiveCfg = Debug|Any CPU
		{FD91D7C4-7736-49EC-AE33-7E44D2C51B01}.AppStore|x64.Build.0 = Debug|Any CPU
		{FD91D7C4-7736-49EC-AE33-7E44D2C51B01}.AppStore|x64.Deploy.0 = Debug|Any CPU
		{FD91D7C4-7736-49EC-AE33-7E44D2C51B01}.AppStore|x86.ActiveCfg = Debug|Any CPU
		{FD91D7C4-7736-49EC-AE33-7E44D2C51B01}.AppStore|x86.Build.0 = Debug|Any CPU
		{FD91D7C4-7736-49EC-AE33-7E44D2C51B01}.AppStore|x86.Deploy.0 = Debug|Any CPU
		{FD91D7C4-7736-49EC-AE33-7E44D2C51B01}.Debug|Any CPU.ActiveCfg = Debug|Any CPU
		{FD91D7C4-7736-49EC-AE33-7E44D2C51B01}.Debug|Any CPU.Build.0 = Debug|Any CPU
		{FD91D7C4-7736-49EC-AE33-7E44D2C51B01}.Debug|Any CPU.Deploy.0 = Debug|Any CPU
		{FD91D7C4-7736-49EC-AE33-7E44D2C51B01}.Debug|ARM.ActiveCfg = Debug|Any CPU
		{FD91D7C4-7736-49EC-AE33-7E44D2C51B01}.Debug|ARM.Build.0 = Debug|Any CPU
		{FD91D7C4-7736-49EC-AE33-7E44D2C51B01}.Debug|ARM.Deploy.0 = Debug|Any CPU
		{FD91D7C4-7736-49EC-AE33-7E44D2C51B01}.Debug|iPhone.ActiveCfg = Debug|Any CPU
		{FD91D7C4-7736-49EC-AE33-7E44D2C51B01}.Debug|iPhone.Build.0 = Debug|Any CPU
		{FD91D7C4-7736-49EC-AE33-7E44D2C51B01}.Debug|iPhone.Deploy.0 = Debug|Any CPU
		{FD91D7C4-7736-49EC-AE33-7E44D2C51B01}.Debug|iPhoneSimulator.ActiveCfg = Debug|Any CPU
		{FD91D7C4-7736-49EC-AE33-7E44D2C51B01}.Debug|iPhoneSimulator.Build.0 = Debug|Any CPU
		{FD91D7C4-7736-49EC-AE33-7E44D2C51B01}.Debug|iPhoneSimulator.Deploy.0 = Debug|Any CPU
		{FD91D7C4-7736-49EC-AE33-7E44D2C51B01}.Debug|x64.ActiveCfg = Debug|Any CPU
		{FD91D7C4-7736-49EC-AE33-7E44D2C51B01}.Debug|x64.Build.0 = Debug|Any CPU
		{FD91D7C4-7736-49EC-AE33-7E44D2C51B01}.Debug|x64.Deploy.0 = Debug|Any CPU
		{FD91D7C4-7736-49EC-AE33-7E44D2C51B01}.Debug|x86.ActiveCfg = Debug|Any CPU
		{FD91D7C4-7736-49EC-AE33-7E44D2C51B01}.Debug|x86.Build.0 = Debug|Any CPU
		{FD91D7C4-7736-49EC-AE33-7E44D2C51B01}.Debug|x86.Deploy.0 = Debug|Any CPU
		{FD91D7C4-7736-49EC-AE33-7E44D2C51B01}.Release|Any CPU.ActiveCfg = Release|Any CPU
		{FD91D7C4-7736-49EC-AE33-7E44D2C51B01}.Release|Any CPU.Build.0 = Release|Any CPU
		{FD91D7C4-7736-49EC-AE33-7E44D2C51B01}.Release|Any CPU.Deploy.0 = Release|Any CPU
		{FD91D7C4-7736-49EC-AE33-7E44D2C51B01}.Release|ARM.ActiveCfg = Release|Any CPU
		{FD91D7C4-7736-49EC-AE33-7E44D2C51B01}.Release|ARM.Build.0 = Release|Any CPU
		{FD91D7C4-7736-49EC-AE33-7E44D2C51B01}.Release|ARM.Deploy.0 = Release|Any CPU
		{FD91D7C4-7736-49EC-AE33-7E44D2C51B01}.Release|iPhone.ActiveCfg = Release|Any CPU
		{FD91D7C4-7736-49EC-AE33-7E44D2C51B01}.Release|iPhone.Build.0 = Release|Any CPU
		{FD91D7C4-7736-49EC-AE33-7E44D2C51B01}.Release|iPhone.Deploy.0 = Release|Any CPU
		{FD91D7C4-7736-49EC-AE33-7E44D2C51B01}.Release|iPhoneSimulator.ActiveCfg = Release|Any CPU
		{FD91D7C4-7736-49EC-AE33-7E44D2C51B01}.Release|iPhoneSimulator.Build.0 = Release|Any CPU
		{FD91D7C4-7736-49EC-AE33-7E44D2C51B01}.Release|iPhoneSimulator.Deploy.0 = Release|Any CPU
		{FD91D7C4-7736-49EC-AE33-7E44D2C51B01}.Release|x64.ActiveCfg = Release|Any CPU
		{FD91D7C4-7736-49EC-AE33-7E44D2C51B01}.Release|x64.Build.0 = Release|Any CPU
		{FD91D7C4-7736-49EC-AE33-7E44D2C51B01}.Release|x64.Deploy.0 = Release|Any CPU
		{FD91D7C4-7736-49EC-AE33-7E44D2C51B01}.Release|x86.ActiveCfg = Release|Any CPU
		{FD91D7C4-7736-49EC-AE33-7E44D2C51B01}.Release|x86.Build.0 = Release|Any CPU
		{FD91D7C4-7736-49EC-AE33-7E44D2C51B01}.Release|x86.Deploy.0 = Release|Any CPU
	EndGlobalSection
	GlobalSection(SolutionProperties) = preSolution
		HideSolutionNode = FALSE
	EndGlobalSection
	GlobalSection(ExtensibilityGlobals) = postSolution
		SolutionGuid = {252F4AAA-77F1-4211-90D6-3847DC2ABB6E}
	EndGlobalSection
EndGlobal
